github.com/docker/docker v1.13.1 h1:IkZjBSIc8hBjLpqeAbeE5mca5mNgeatLHBy3GO78BWo=
github.com/docker/docker v1.13.1/go.mod h1:eEKB0N0r5NX/I1kEveEz05bcu8tLC/8azJZsviup8Sk=
gocv.io/x/gocv v0.23.0 h1:3Fgbt06/uR8Zf9emWndhjbUjdrw+nto69R/b4noFydY=
gocv.io/x/gocv v0.23.0/go.mod h1:Rar2PS6DV+T4FL+PM535EImD/h13hGVaHhnCu1xarBs=
